
Microsoft Visual Studio Solution File, Format Version 12.00
# Visual Studio Version 16
VisualStudioVersion = 16.0.30503.244
MinimumVisualStudioVersion = 10.0.40219.1
Project("{8BC9CEB8-8B4A-11D0-8D11-00A0C91BC942}") = "Game", "Game.vcxproj", "{3F699A29-F080-48F8-B58C-B9A9BD74CF25}"
EndProject
Global
	GlobalSection(SolutionConfigurationPlatforms) = preSolution
		Debug|x64 = Debug|x64
		Debug|x86 = Debug|x86
		Release|x64 = Release|x64
		Release|x86 = Release|x86
	EndGlobalSection
	GlobalSection(ProjectConfigurationPlatforms) = postSolution
		{3F699A29-F080-48F8-B58C-B9A9BD74CF25}.Debug|x64.ActiveCfg = Debug|x64
		{3F699A29-F080-48F8-B58C-B9A9BD74CF25}.Debug|x64.Build.0 = Debug|x64
		{3F699A29-F080-48F8-B58C-B9A9BD74CF25}.Debug|x86.ActiveCfg = Debug|Win32
		{3F699A29-F080-48F8-B58C-B9A9BD74CF25}.Debug|x86.Build.0 = Debug|Win32
		{3F699A29-F080-48F8-B58C-B9A9BD74CF25}.Release|x64.ActiveCfg = Release|x64
		{3F699A29-F080-48F8-B58C-B9A9BD74CF25}.Release|x64.Build.0 = Release|x64
		{3F699A29-F080-48F8-B58C-B9A9BD74CF25}.Release|x86.ActiveCfg = Release|Win32
		{3F699A29-F080-48F8-B58C-B9A9BD74CF25}.Release|x86.Build.0 = Release|Win32
	EndGlobalSection
	GlobalSection(SolutionProperties) = preSolution
		HideSolutionNode = FALSE
	EndGlobalSection
	GlobalSection(ExtensibilityGlobals) = postSolution
		SolutionGuid = {59F7A6D3-0790-44C5-A650-6C6EABEF445C}
	EndGlobalSection
EndGlobal
